{
  "R": {
    "Version": "3.6.1",
    "Repositories": [
      {
        "Name": "CRAN",
        "URL": "https://cran.rstudio.com"
      }
    ]
  },
  "Packages": {
    "BH": {
      "Package": "BH",
      "Version": "1.69.0-1",
      "Source": "Repository",
      "Repository": "CRAN",
      "Hash": "0fde015f5153e51df44981da0767f522"
    },
    "DBI": {
      "Package": "DBI",
      "Version": "1.0.0",
      "Source": "Repository",
      "Repository": "CRAN",
      "Hash": "2b2b6ea2111e1e57e192765d5013a3c5"
    },
    "R6": {
      "Package": "R6",
      "Version": "2.4.1",
      "Source": "Repository",
      "Repository": "CRAN",
      "Hash": "32b894df8893259af194abdc2b1fc366"
    },
    "RPostgres": {
      "Package": "RPostgres",
      "Version": "1.1.1",
      "Source": "Repository",
      "Repository": "CRAN",
      "Hash": "bea16c8c0eadd217a7c63560dde24d54"
    },
    "Rcpp": {
      "Package": "Rcpp",
      "Version": "1.0.3",
      "Source": "Repository",
      "Repository": "CRAN",
      "Hash": "084336e3a1a0d358337525d7a394bb8b"
    },
    "assertthat": {
      "Package": "assertthat",
      "Version": "0.2.1",
      "Source": "Repository",
      "Repository": "CRAN",
      "Hash": "19fb3d0ad048b4eb1a05cacffbae1f66"
    },
    "backports": {
      "Package": "backports",
      "Version": "1.1.5",
      "Source": "Repository",
      "Repository": "CRAN",
      "Hash": "dbb1e40b6f07d378cce8abc3b5fa6326"
    },
    "bit": {
      "Package": "bit",
      "Version": "1.1-14",
      "Source": "Repository",
      "Repository": "CRAN",
      "Hash": "915a13dd2f8633d92971640ed1498e5b"
    },
    "bit64": {
      "Package": "bit64",
      "Version": "0.9-7",
      "Source": "Repository",
      "Repository": "CRAN",
      "Hash": "805d4ae996fa46f4f8436500959d669b"
    },
    "blob": {
      "Package": "blob",
      "Version": "1.2.0",
      "Source": "Repository",
      "Repository": "CRAN",
      "Hash": "9ef42c7a122fb0bc78563a7d1da7ba4e"
    },
    "cli": {
      "Package": "cli",
      "Version": "1.1.0",
      "Source": "Repository",
      "Repository": "CRAN",
      "Hash": "9b3dc7798f53ba3050b41ce4a3febdc5"
    },
    "crayon": {
      "Package": "crayon",
      "Version": "1.3.4",
      "Source": "Repository",
      "Repository": "CRAN",
      "Hash": "d308ead32010b8e4d76c4690427da50b"
    },
    "dbplyr": {
      "Package": "dbplyr",
      "Version": "1.4.2",
      "Source": "Repository",
      "Repository": "CRAN",
      "Hash": "aa3740879c38e6c11a93bd981521035a"
    },
    "digest": {
      "Package": "digest",
      "Version": "0.6.23",
      "Source": "Repository",
      "Repository": "CRAN",
      "Hash": "ed4a691194af45374f99d2d700400240"
    },
    "dplyr": {
      "Package": "dplyr",
      "Version": "0.8.3",
      "Source": "Repository",
      "Repository": "CRAN",
      "Hash": "17783831e1e918ab250dcae5dd9c6e03"
    },
    "ellipsis": {
      "Package": "ellipsis",
      "Version": "0.3.0",
      "Source": "Repository",
      "Repository": "CRAN",
      "Hash": "d9e858795a1a4ebfe6960e4514449d40"
    },
    "fansi": {
      "Package": "fansi",
      "Version": "0.4.0",
      "Source": "Repository",
      "Repository": "CRAN",
      "Hash": "cd87b0162287f0da225edfaa2fd3a20c"
    },
    "glue": {
      "Package": "glue",
      "Version": "1.3.1",
      "Source": "Repository",
      "Repository": "CRAN",
      "Hash": "e8436e647719b7c9d01409767cd88cc8"
    },
    "hms": {
      "Package": "hms",
      "Version": "0.5.2",
      "Source": "Repository",
      "Repository": "CRAN",
      "Hash": "d151e6378bc324454f39db7ffbebaa6d"
    },
    "httpuv": {
      "Package": "httpuv",
      "Version": "1.5.2",
      "Source": "Repository",
      "Repository": "CRAN",
      "Hash": "f708a79efa59756bf40137118c20d837"
    },
    "jsonlite": {
      "Package": "jsonlite",
      "Version": "1.6",
      "Source": "Repository",
      "Repository": "CRAN",
      "Hash": "b7e67b6a7bc2fdae729c0f3ff9026a8a"
    },
    "later": {
      "Package": "later",
      "Version": "1.0.0",
      "Source": "Repository",
      "Repository": "CRAN",
      "Hash": "19ddb614c1423400e9ea7bf6bfd34a36"
    },
    "magrittr": {
      "Package": "magrittr",
      "Version": "1.5",
      "Source": "Repository",
      "Repository": "CRAN",
      "Hash": "dee1d97cffddfd3ed969e224bd0826d0"
    },
    "pillar": {
      "Package": "pillar",
      "Version": "1.4.2",
      "Source": "Repository",
      "Repository": "CRAN",
      "Hash": "57645ff795277554eee14df5bcee8025"
    },
    "pkgconfig": {
      "Package": "pkgconfig",
      "Version": "2.0.3",
      "Source": "Repository",
      "Repository": "CRAN",
      "Hash": "587295d4cdb937d4e3cf19bd46829326"
    },
    "plogr": {
      "Package": "plogr",
      "Version": "0.2.0",
      "Source": "Repository",
      "Repository": "CRAN",
      "Hash": "1a8304cc1382ef64e3b710ba589d7bc0"
    },
    "plumber": {
      "Package": "plumber",
      "Version": "0.4.6",
      "Source": "Repository",
      "Repository": "CRAN",
      "RemoteType": "standard",
      "RemoteRef": "plumber",
      "RemoteRepos": "https://cran.rstudio.com",
      "RemoteSha": "0.4.6",
      "Hash": "e5700af025f64e0ed43fb84eecb45330"
    },
    "pool": {
      "Package": "pool",
      "Version": "0.1.4.3",
      "Source": "Repository",
      "Repository": "CRAN",
      "Hash": "9d947a0dec313abab060ecbbb347a630"
    },
    "prettyunits": {
      "Package": "prettyunits",
      "Version": "1.0.2",
      "Source": "Repository",
      "Repository": "CRAN",
      "Hash": "33ce93b23647e85c127f8e1bb08604fc"
    },
    "promises": {
      "Package": "promises",
      "Version": "1.1.0",
      "Source": "Repository",
      "Repository": "CRAN",
      "Hash": "58abc43e83bbc8231c416a812743ab98"
    },
    "purrr": {
      "Package": "purrr",
      "Version": "0.3.3",
      "Source": "Repository",
      "Repository": "CRAN",
      "Hash": "b174d35f8cfb40b0c0b66d2bb0bc4224"
    },
    "renv": {
      "Package": "renv",
      "Version": "0.8.3",
      "Source": "Repository",
      "Repository": "CRAN",
      "Hash": "4ee3e91b679fbd7102c1fd51f9a4bc59"
    },
    "rlang": {
      "Package": "rlang",
      "Version": "0.4.2",
      "Source": "Repository",
      "Repository": "CRAN",
      "Hash": "d963fc6d77b53554f438d82ef8cbea62"
    },
    "stringi": {
      "Package": "stringi",
      "Version": "1.4.3",
      "Source": "Repository",
      "Repository": "CRAN",
      "Hash": "113506f116db9dd5bd1caf46884e0647"
    },
    "tibble": {
      "Package": "tibble",
      "Version": "2.1.3",
      "Source": "Repository",
      "Repository": "CRAN",
      "Hash": "a8d41bd284e21ab7e776d228dc5bac91"
    },
    "tidyselect": {
      "Package": "tidyselect",
      "Version": "0.2.5",
      "Source": "Repository",
      "Repository": "CRAN",
      "Hash": "dc3fcbc21f04b293e0794e24982cf357"
    },
    "utf8": {
      "Package": "utf8",
      "Version": "1.1.4",
      "Source": "Repository",
      "Repository": "CRAN",
      "Hash": "3f1a5a5b184f63379f8e6c08d5036c53"
    },
    "vctrs": {
      "Package": "vctrs",
      "Version": "0.2.0",
      "Source": "Repository",
      "Repository": "CRAN",
      "Hash": "4bdc6a6c4c5a434d880b73817d4ea641"
    },
    "withr": {
      "Package": "withr",
      "Version": "2.1.2",
      "Source": "Repository",
      "Repository": "CRAN",
      "Hash": "7c9aef08038f47e6c1532ed574a0e087"
    },
    "zeallot": {
      "Package": "zeallot",
      "Version": "0.1.0",
      "Source": "Repository",
      "Repository": "CRAN",
      "Hash": "45d65588b02d47970fc84adecb2ee664"
    }
  }
}
